// !$*UTF8*$!
{
	archiveVersion = 1;
	classes = {
	};
	objectVersion = 54;
	objects = {

/* Begin PBXBuildFile section */
		181703452976C345002E7569 /* DetailFeature in Frameworks */ = {isa = PBXBuildFile; productRef = 181703442976C345002E7569 /* DetailFeature */; };
		181703472976C345002E7569 /* Helpers in Frameworks */ = {isa = PBXBuildFile; productRef = 181703462976C345002E7569 /* Helpers */; };
		181703492976C345002E7569 /* MasterFeature in Frameworks */ = {isa = PBXBuildFile; productRef = 181703482976C345002E7569 /* MasterFeature */; };
		1817034B2976C345002E7569 /* Models in Frameworks */ = {isa = PBXBuildFile; productRef = 1817034A2976C345002E7569 /* Models */; };
		1838E7722366D0F500EE6AF3 /* ContentView.swift in Sources */ = {isa = PBXBuildFile; fileRef = 1838E7712366D0F500EE6AF3 /* ContentView.swift */; };
		1838E7742366D0FA00EE6AF3 /* Assets.xcassets in Resources */ = {isa = PBXBuildFile; fileRef = 1838E7732366D0FA00EE6AF3 /* Assets.xcassets */; };
		1838E7772366D0FA00EE6AF3 /* Preview Assets.xcassets in Resources */ = {isa = PBXBuildFile; fileRef = 1838E7762366D0FA00EE6AF3 /* Preview Assets.xcassets */; };
		1838E77A2366D0FA00EE6AF3 /* LaunchScreen.storyboard in Resources */ = {isa = PBXBuildFile; fileRef = 1838E7782366D0FA00EE6AF3 /* LaunchScreen.storyboard */; };
		1838E7A92366D2A300EE6AF3 /* GHApi.swift in Sources */ = {isa = PBXBuildFile; fileRef = 1838E7A82366D2A300EE6AF3 /* GHApi.swift */; };
		18CB9DA129781861006EAFFE /* OktaTrack.swift in Sources */ = {isa = PBXBuildFile; fileRef = 18CB9DA029781861006EAFFE /* OktaTrack.swift */; };
/* End PBXBuildFile section */

/* Begin PBXFileReference section */
		1838E76A2366D0F500EE6AF3 /* OktaTrack.app */ = {isa = PBXFileReference; explicitFileType = wrapper.application; includeInIndex = 0; path = OktaTrack.app; sourceTree = BUILT_PRODUCTS_DIR; };
		1838E7712366D0F500EE6AF3 /* ContentView.swift */ = {isa = PBXFileReference; lastKnownFileType = sourcecode.swift; path = ContentView.swift; sourceTree = "<group>"; };
		1838E7732366D0FA00EE6AF3 /* Assets.xcassets */ = {isa = PBXFileReference; lastKnownFileType = folder.assetcatalog; path = Assets.xcassets; sourceTree = "<group>"; };
		1838E7762366D0FA00EE6AF3 /* Preview Assets.xcassets */ = {isa = PBXFileReference; lastKnownFileType = folder.assetcatalog; path = "Preview Assets.xcassets"; sourceTree = "<group>"; };
		1838E7792366D0FA00EE6AF3 /* Base */ = {isa = PBXFileReference; lastKnownFileType = file.storyboard; name = Base; path = Base.lproj/LaunchScreen.storyboard; sourceTree = "<group>"; };
		1838E77B2366D0FA00EE6AF3 /* Info.plist */ = {isa = PBXFileReference; lastKnownFileType = text.plist.xml; path = Info.plist; sourceTree = "<group>"; };
		1838E7A82366D2A300EE6AF3 /* GHApi.swift */ = {isa = PBXFileReference; lastKnownFileType = sourcecode.swift; path = GHApi.swift; sourceTree = "<group>"; };
		1884C82229757C2000143404 /* OktatrackLib */ = {isa = PBXFileReference; lastKnownFileType = wrapper; path = OktatrackLib; sourceTree = "<group>"; };
		18CB9DA029781861006EAFFE /* OktaTrack.swift */ = {isa = PBXFileReference; lastKnownFileType = sourcecode.swift; path = OktaTrack.swift; sourceTree = "<group>"; };
/* End PBXFileReference section */

/* Begin PBXFrameworksBuildPhase section */
		1838E7672366D0F500EE6AF3 /* Frameworks */ = {
			isa = PBXFrameworksBuildPhase;
			buildActionMask = 2147483647;
			files = (
				181703472976C345002E7569 /* Helpers in Frameworks */,
				181703492976C345002E7569 /* MasterFeature in Frameworks */,
				1817034B2976C345002E7569 /* Models in Frameworks */,
				181703452976C345002E7569 /* DetailFeature in Frameworks */,
			);
			runOnlyForDeploymentPostprocessing = 0;
		};
/* End PBXFrameworksBuildPhase section */

/* Begin PBXGroup section */
		1838E7612366D0F500EE6AF3 = {
			isa = PBXGroup;
			children = (
				1884C82229757C2000143404 /* OktatrackLib */,
				1838E76C2366D0F500EE6AF3 /* OktaTrack */,
				1838E76B2366D0F500EE6AF3 /* Products */,
				187A5ECE29757E23009F0BA0 /* Frameworks */,
			);
			sourceTree = "<group>";
		};
		1838E76B2366D0F500EE6AF3 /* Products */ = {
			isa = PBXGroup;
			children = (
				1838E76A2366D0F500EE6AF3 /* OktaTrack.app */,
			);
			name = Products;
			sourceTree = "<group>";
		};
		1838E76C2366D0F500EE6AF3 /* OktaTrack */ = {
			isa = PBXGroup;
			children = (
				18B2831D236C3CBA00850FB3 /* Views */,
				1838E7A72366D28A00EE6AF3 /* Networking */,
				1838E7732366D0FA00EE6AF3 /* Assets.xcassets */,
				1838E7782366D0FA00EE6AF3 /* LaunchScreen.storyboard */,
				1838E77B2366D0FA00EE6AF3 /* Info.plist */,
				1838E7752366D0FA00EE6AF3 /* Preview Content */,
				18CB9DA029781861006EAFFE /* OktaTrack.swift */,
			);
			path = OktaTrack;
			sourceTree = "<group>";
		};
		1838E7752366D0FA00EE6AF3 /* Preview Content */ = {
			isa = PBXGroup;
			children = (
				1838E7762366D0FA00EE6AF3 /* Preview Assets.xcassets */,
			);
			path = "Preview Content";
			sourceTree = "<group>";
		};
		1838E7A72366D28A00EE6AF3 /* Networking */ = {
			isa = PBXGroup;
			children = (
				1838E7A82366D2A300EE6AF3 /* GHApi.swift */,
			);
			path = Networking;
			sourceTree = "<group>";
		};
		187A5ECE29757E23009F0BA0 /* Frameworks */ = {
			isa = PBXGroup;
			children = (
			);
			name = Frameworks;
			sourceTree = "<group>";
		};
		18B2831D236C3CBA00850FB3 /* Views */ = {
			isa = PBXGroup;
			children = (
				1838E7712366D0F500EE6AF3 /* ContentView.swift */,
			);
			path = Views;
			sourceTree = "<group>";
		};
/* End PBXGroup section */

/* Begin PBXNativeTarget section */
		1838E7692366D0F500EE6AF3 /* OktaTrack */ = {
			isa = PBXNativeTarget;
			buildConfigurationList = 1838E7942366D0FB00EE6AF3 /* Build configuration list for PBXNativeTarget "OktaTrack" */;
			buildPhases = (
				1838E7662366D0F500EE6AF3 /* Sources */,
				1838E7672366D0F500EE6AF3 /* Frameworks */,
				1838E7682366D0F500EE6AF3 /* Resources */,
			);
			buildRules = (
			);
			dependencies = (
			);
			name = OktaTrack;
			packageProductDependencies = (
				181703442976C345002E7569 /* DetailFeature */,
				181703462976C345002E7569 /* Helpers */,
				181703482976C345002E7569 /* MasterFeature */,
				1817034A2976C345002E7569 /* Models */,
			);
			productName = OktaTrack;
			productReference = 1838E76A2366D0F500EE6AF3 /* OktaTrack.app */;
			productType = "com.apple.product-type.application";
		};
/* End PBXNativeTarget section */

/* Begin PBXProject section */
		1838E7622366D0F500EE6AF3 /* Project object */ = {
			isa = PBXProject;
			attributes = {
				LastSwiftUpdateCheck = 1110;
				LastUpgradeCheck = 1340;
				ORGANIZATIONNAME = Delta96;
				TargetAttributes = {
					1838E7692366D0F500EE6AF3 = {
						CreatedOnToolsVersion = 11.1;
					};
				};
			};
			buildConfigurationList = 1838E7652366D0F500EE6AF3 /* Build configuration list for PBXProject "OktaTrack" */;
			compatibilityVersion = "Xcode 9.3";
			developmentRegion = en;
			hasScannedForEncodings = 0;
			knownRegions = (
				en,
				Base,
			);
			mainGroup = 1838E7612366D0F500EE6AF3;
			productRefGroup = 1838E76B2366D0F500EE6AF3 /* Products */;
			projectDirPath = "";
			projectRoot = "";
			targets = (
				1838E7692366D0F500EE6AF3 /* OktaTrack */,
			);
		};
/* End PBXProject section */

/* Begin PBXResourcesBuildPhase section */
		1838E7682366D0F500EE6AF3 /* Resources */ = {
			isa = PBXResourcesBuildPhase;
			buildActionMask = 2147483647;
			files = (
				1838E77A2366D0FA00EE6AF3 /* LaunchScreen.storyboard in Resources */,
				1838E7772366D0FA00EE6AF3 /* Preview Assets.xcassets in Resources */,
				1838E7742366D0FA00EE6AF3 /* Assets.xcassets in Resources */,
			);
			runOnlyForDeploymentPostprocessing = 0;
		};
/* End PBXResourcesBuildPhase section */

/* Begin PBXSourcesBuildPhase section */
		1838E7662366D0F500EE6AF3 /* Sources */ = {
			isa = PBXSourcesBuildPhase;
			buildActionMask = 2147483647;
			files = (
				1838E7722366D0F500EE6AF3 /* ContentView.swift in Sources */,
				1838E7A92366D2A300EE6AF3 /* GHApi.swift in Sources */,
				18CB9DA129781861006EAFFE /* OktaTrack.swift in Sources */,
			);
			runOnlyForDeploymentPostprocessing = 0;
		};
/* End PBXSourcesBuildPhase section */

/* Begin PBXVariantGroup section */
		1838E7782366D0FA00EE6AF3 /* LaunchScreen.storyboard */ = {
			isa = PBXVariantGroup;
			children = (
				1838E7792366D0FA00EE6AF3 /* Base */,
			);
			name = LaunchScreen.storyboard;
			sourceTree = "<group>";
		};
/* End PBXVariantGroup section */

/* Begin XCBuildConfiguration section */
		1838E7922366D0FB00EE6AF3 /* Debug */ = {
			isa = XCBuildConfiguration;
			buildSettings = {
				ALWAYS_SEARCH_USER_PATHS = NO;
				CLANG_ANALYZER_NONNULL = YES;
				CLANG_ANALYZER_NUMBER_OBJECT_CONVERSION = YES_AGGRESSIVE;
				CLANG_CXX_LANGUAGE_STANDARD = "gnu++14";
				CLANG_CXX_LIBRARY = "libc++";
				CLANG_ENABLE_MODULES = YES;
				CLANG_ENABLE_OBJC_ARC = YES;
				CLANG_ENABLE_OBJC_WEAK = YES;
				CLANG_WARN_BLOCK_CAPTURE_AUTORELEASING = YES;
				CLANG_WARN_BOOL_CONVERSION = YES;
				CLANG_WARN_COMMA = YES;
				CLANG_WARN_CONSTANT_CONVERSION = YES;
				CLANG_WARN_DEPRECATED_OBJC_IMPLEMENTATIONS = YES;
				CLANG_WARN_DIRECT_OBJC_ISA_USAGE = YES_ERROR;
				CLANG_WARN_DOCUMENTATION_COMMENTS = YES;
				CLANG_WARN_EMPTY_BODY = YES;
				CLANG_WARN_ENUM_CONVERSION = YES;
				CLANG_WARN_INFINITE_RECURSION = YES;
				CLANG_WARN_INT_CONVERSION = YES;
				CLANG_WARN_NON_LITERAL_NULL_CONVERSION = YES;
				CLANG_WARN_OBJC_IMPLICIT_RETAIN_SELF = YES;
				CLANG_WARN_OBJC_LITERAL_CONVERSION = YES;
				CLANG_WARN_OBJC_ROOT_CLASS = YES_ERROR;
				CLANG_WARN_QUOTED_INCLUDE_IN_FRAMEWORK_HEADER = YES;
				CLANG_WARN_RANGE_LOOP_ANALYSIS = YES;
				CLANG_WARN_STRICT_PROTOTYPES = YES;
				CLANG_WARN_SUSPICIOUS_MOVE = YES;
				CLANG_WARN_UNGUARDED_AVAILABILITY = YES_AGGRESSIVE;
				CLANG_WARN_UNREACHABLE_CODE = YES;
				CLANG_WARN__DUPLICATE_METHOD_MATCH = YES;
				COPY_PHASE_STRIP = NO;
				DEBUG_INFORMATION_FORMAT = dwarf;
				ENABLE_STRICT_OBJC_MSGSEND = YES;
				ENABLE_TESTABILITY = YES;
				GCC_C_LANGUAGE_STANDARD = gnu11;
				GCC_DYNAMIC_NO_PIC = NO;
				GCC_NO_COMMON_BLOCKS = YES;
				GCC_OPTIMIZATION_LEVEL = 0;
				GCC_PREPROCESSOR_DEFINITIONS = (
					"DEBUG=1",
					"$(inherited)",
				);
				GCC_WARN_64_TO_32_BIT_CONVERSION = YES;
				GCC_WARN_ABOUT_RETURN_TYPE = YES_ERROR;
				GCC_WARN_UNDECLARED_SELECTOR = YES;
				GCC_WARN_UNINITIALIZED_AUTOS = YES_AGGRESSIVE;
				GCC_WARN_UNUSED_FUNCTION = YES;
				GCC_WARN_UNUSED_VARIABLE = YES;
				IPHONEOS_DEPLOYMENT_TARGET = 15.0;
				MTL_ENABLE_DEBUG_INFO = INCLUDE_SOURCE;
				MTL_FAST_MATH = YES;
				ONLY_ACTIVE_ARCH = YES;
				PRODUCT_NAME = "${TARGET_NAME}";
				SDKROOT = iphoneos;
				SWIFT_ACTIVE_COMPILATION_CONDITIONS = DEBUG;
				SWIFT_OPTIMIZATION_LEVEL = "-Onone";
			};
			name = Debug;
		};
		1838E7932366D0FB00EE6AF3 /* Release */ = {
			isa = XCBuildConfiguration;
			buildSettings = {
				ALWAYS_SEARCH_USER_PATHS = NO;
				CLANG_ANALYZER_NONNULL = YES;
				CLANG_ANALYZER_NUMBER_OBJECT_CONVERSION = YES_AGGRESSIVE;
				CLANG_CXX_LANGUAGE_STANDARD = "gnu++14";
				CLANG_CXX_LIBRARY = "libc++";
				CLANG_ENABLE_MODULES = YES;
				CLANG_ENABLE_OBJC_ARC = YES;
				CLANG_ENABLE_OBJC_WEAK = YES;
				CLANG_WARN_BLOCK_CAPTURE_AUTORELEASING = YES;
				CLANG_WARN_BOOL_CONVERSION = YES;
				CLANG_WARN_COMMA = YES;
				CLANG_WARN_CONSTANT_CONVERSION = YES;
				CLANG_WARN_DEPRECATED_OBJC_IMPLEMENTATIONS = YES;
				CLANG_WARN_DIRECT_OBJC_ISA_USAGE = YES_ERROR;
				CLANG_WARN_DOCUMENTATION_COMMENTS = YES;
				CLANG_WARN_EMPTY_BODY = YES;
				CLANG_WARN_ENUM_CONVERSION = YES;
				CLANG_WARN_INFINITE_RECURSION = YES;
				CLANG_WARN_INT_CONVERSION = YES;
				CLANG_WARN_NON_LITERAL_NULL_CONVERSION = YES;
				CLANG_WARN_OBJC_IMPLICIT_RETAIN_SELF = YES;
				CLANG_WARN_OBJC_LITERAL_CONVERSION = YES;
				CLANG_WARN_OBJC_ROOT_CLASS = YES_ERROR;
				CLANG_WARN_QUOTED_INCLUDE_IN_FRAMEWORK_HEADER = YES;
				CLANG_WARN_RANGE_LOOP_ANALYSIS = YES;
				CLANG_WARN_STRICT_PROTOTYPES = YES;
				CLANG_WARN_SUSPICIOUS_MOVE = YES;
				CLANG_WARN_UNGUARDED_AVAILABILITY = YES_AGGRESSIVE;
				CLANG_WARN_UNREACHABLE_CODE = YES;
				CLANG_WARN__DUPLICATE_METHOD_MATCH = YES;
				COPY_PHASE_STRIP = NO;
				DEBUG_INFORMATION_FORMAT = "dwarf-with-dsym";
				ENABLE_NS_ASSERTIONS = NO;
				ENABLE_STRICT_OBJC_MSGSEND = YES;
				GCC_C_LANGUAGE_STANDARD = gnu11;
				GCC_NO_COMMON_BLOCKS = YES;
				GCC_WARN_64_TO_32_BIT_CONVERSION = YES;
				GCC_WARN_ABOUT_RETURN_TYPE = YES_ERROR;
				GCC_WARN_UNDECLARED_SELECTOR = YES;
				GCC_WARN_UNINITIALIZED_AUTOS = YES_AGGRESSIVE;
				GCC_WARN_UNUSED_FUNCTION = YES;
				GCC_WARN_UNUSED_VARIABLE = YES;
				IPHONEOS_DEPLOYMENT_TARGET = 15.0;
				MTL_ENABLE_DEBUG_INFO = NO;
				MTL_FAST_MATH = YES;
				PRODUCT_NAME = "${TARGET_NAME}";
				SDKROOT = iphoneos;
				SWIFT_COMPILATION_MODE = wholemodule;
				SWIFT_OPTIMIZATION_LEVEL = "-O";
				VALIDATE_PRODUCT = YES;
			};
			name = Release;
		};
		1838E7952366D0FB00EE6AF3 /* Debug */ = {
			isa = XCBuildConfiguration;
			buildSettings = {
				ASSETCATALOG_COMPILER_APPICON_NAME = AppIcon;
				CODE_SIGN_IDENTITY = "Apple Development";
				CODE_SIGN_STYLE = Automatic;
				DEVELOPMENT_ASSET_PATHS = "\"OktaTrack/Preview Content\"";
				DEVELOPMENT_TEAM = S3SKQLLP98;
				ENABLE_PREVIEWS = YES;
				INFOPLIST_FILE = OktaTrack/Info.plist;
				INFOPLIST_KEY_UIApplicationSceneManifest_Generation = NO;
				IPHONEOS_DEPLOYMENT_TARGET = 17.0;
				LD_RUNPATH_SEARCH_PATHS = (
					"$(inherited)",
					"@executable_path/Frameworks",
				);
				PRODUCT_BUNDLE_IDENTIFIER = net.tadel.OktaTrack;
				PRODUCT_NAME = "$(TARGET_NAME)";
				PROVISIONING_PROFILE_SPECIFIER = "";
				SWIFT_VERSION = 5.0;
				TARGETED_DEVICE_FAMILY = "1,2";
			};
			name = Debug;
		};
		1838E7962366D0FB00EE6AF3 /* Release */ = {
			isa = XCBuildConfiguration;
			buildSettings = {
				ASSETCATALOG_COMPILER_APPICON_NAME = AppIcon;
				CODE_SIGN_IDENTITY = "Apple Development";
				CODE_SIGN_STYLE = Automatic;
				DEVELOPMENT_ASSET_PATHS = "\"OktaTrack/Preview Content\"";
				DEVELOPMENT_TEAM = S3SKQLLP98;
				ENABLE_PREVIEWS = YES;
				INFOPLIST_FILE = OktaTrack/Info.plist;
				INFOPLIST_KEY_UIApplicationSceneManifest_Generation = NO;
				IPHONEOS_DEPLOYMENT_TARGET = 17.0;
				LD_RUNPATH_SEARCH_PATHS = (
					"$(inherited)",
					"@executable_path/Frameworks",
				);
				PRODUCT_BUNDLE_IDENTIFIER = net.tadel.OktaTrack;
				PRODUCT_NAME = "$(TARGET_NAME)";
				PROVISIONING_PROFILE_SPECIFIER = "";
				SWIFT_VERSION = 5.0;
				TARGETED_DEVICE_FAMILY = "1,2";
			};
			name = Release;
		};
/* End XCBuildConfiguration section */

/* Begin XCConfigurationList section */
		1838E7652366D0F500EE6AF3 /* Build configuration list for PBXProject "OktaTrack" */ = {
			isa = XCConfigurationList;
			buildConfigurations = (
				1838E7922366D0FB00EE6AF3 /* Debug */,
				1838E7932366D0FB00EE6AF3 /* Release */,
			);
			defaultConfigurationIsVisible = 0;
			defaultConfigurationName = Release;
		};
		1838E7942366D0FB00EE6AF3 /* Build configuration list for PBXNativeTarget "OktaTrack" */ = {
			isa = XCConfigurationList;
			buildConfigurations = (
				1838E7952366D0FB00EE6AF3 /* Debug */,
				1838E7962366D0FB00EE6AF3 /* Release */,
			);
			defaultConfigurationIsVisible = 0;
			defaultConfigurationName = Release;
		};
/* End XCConfigurationList section */

/* Begin XCSwiftPackageProductDependency section */
		181703442976C345002E7569 /* DetailFeature */ = {
			isa = XCSwiftPackageProductDependency;
			productName = DetailFeature;
		};
		181703462976C345002E7569 /* Helpers */ = {
			isa = XCSwiftPackageProductDependency;
			productName = Helpers;
		};
		181703482976C345002E7569 /* MasterFeature */ = {
			isa = XCSwiftPackageProductDependency;
			productName = MasterFeature;
		};
		1817034A2976C345002E7569 /* Models */ = {
			isa = XCSwiftPackageProductDependency;
			productName = Models;
		};
/* End XCSwiftPackageProductDependency section */
	};
	rootObject = 1838E7622366D0F500EE6AF3 /* Project object */;
}
